
Microsoft Visual Studio Solution File, Format Version 12.00
# Visual Studio Version 17
VisualStudioVersion = 17.14.36623.8
MinimumVisualStudioVersion = 10.0.40219.1
Project("{8BC9CEB8-8B4A-11D0-8D11-00A0C91BC942}") = "ProcessAPC_INJ", "ProcessAPC_INJ.vcxproj", "{0AEA3989-BAAE-82ED-F67E-BCC3FC995AFE}"
EndProject
Project("{8BC9CEB8-8B4A-11D0-8D11-00A0C91BC942}") = "ProcessAPC_INJ_CON", "..\ProcessAPC_INJ_CON\ProcessAPC_INJ_CON.vcxproj", "{534ADC74-F81F-4071-9865-8C6EE8012D8E}"
EndProject
Project("{8BC9CEB8-8B4A-11D0-8D11-00A0C91BC942}") = "ProcessAPC_INJ_DLL", "..\ProcessAPC_INJ_DLL\ProcessAPC_INJ_DLL.vcxproj", "{15CB190E-09E9-4421-96D9-07B2803711F2}"
EndProject
Project("{8BC9CEB8-8B4A-11D0-8D11-00A0C91BC942}") = "INJTOOL_USER_INF", "..\INJTOOL_USER_INF\INJTOOL_USER_INF.vcxproj", "{1B4E2C1D-4DE5-46CD-A853-8B0C3C1FF25A}"
EndProject
Global
	GlobalSection(SolutionConfigurationPlatforms) = preSolution
		Debug|ARM64 = Debug|ARM64
		Debug|Win32 = Debug|Win32
		Debug|x64 = Debug|x64
		Debug|x86 = Debug|x86
		Release|ARM64 = Release|ARM64
		Release|Win32 = Release|Win32
		Release|x64 = Release|x64
		Release|x86 = Release|x86
	EndGlobalSection
	GlobalSection(ProjectConfigurationPlatforms) = postSolution
		{0AEA3989-BAAE-82ED-F67E-BCC3FC995AFE}.Debug|ARM64.ActiveCfg = Debug|ARM64
		{0AEA3989-BAAE-82ED-F67E-BCC3FC995AFE}.Debug|ARM64.Build.0 = Debug|ARM64
		{0AEA3989-BAAE-82ED-F67E-BCC3FC995AFE}.Debug|ARM64.Deploy.0 = Debug|ARM64
		{0AEA3989-BAAE-82ED-F67E-BCC3FC995AFE}.Debug|Win32.ActiveCfg = Debug|Win32
		{0AEA3989-BAAE-82ED-F67E-BCC3FC995AFE}.Debug|Win32.Build.0 = Debug|Win32
		{0AEA3989-BAAE-82ED-F67E-BCC3FC995AFE}.Debug|Win32.Deploy.0 = Debug|Win32
		{0AEA3989-BAAE-82ED-F67E-BCC3FC995AFE}.Debug|x64.ActiveCfg = Debug|x64
		{0AEA3989-BAAE-82ED-F67E-BCC3FC995AFE}.Debug|x64.Build.0 = Debug|x64
		{0AEA3989-BAAE-82ED-F67E-BCC3FC995AFE}.Debug|x64.Deploy.0 = Debug|x64
		{0AEA3989-BAAE-82ED-F67E-BCC3FC995AFE}.Debug|x86.ActiveCfg = Debug|Win32
		{0AEA3989-BAAE-82ED-F67E-BCC3FC995AFE}.Debug|x86.Build.0 = Debug|Win32
		{0AEA3989-BAAE-82ED-F67E-BCC3FC995AFE}.Debug|x86.Deploy.0 = Debug|Win32
		{0AEA3989-BAAE-82ED-F67E-BCC3FC995AFE}.Release|ARM64.ActiveCfg = Release|ARM64
		{0AEA3989-BAAE-82ED-F67E-BCC3FC995AFE}.Release|ARM64.Build.0 = Release|ARM64
		{0AEA3989-BAAE-82ED-F67E-BCC3FC995AFE}.Release|ARM64.Deploy.0 = Release|ARM64
		{0AEA3989-BAAE-82ED-F67E-BCC3FC995AFE}.Release|Win32.ActiveCfg = Release|Win32
		{0AEA3989-BAAE-82ED-F67E-BCC3FC995AFE}.Release|Win32.Build.0 = Release|Win32
		{0AEA3989-BAAE-82ED-F67E-BCC3FC995AFE}.Release|Win32.Deploy.0 = Release|Win32
		{0AEA3989-BAAE-82ED-F67E-BCC3FC995AFE}.Release|x64.ActiveCfg = Release|x64
		{0AEA3989-BAAE-82ED-F67E-BCC3FC995AFE}.Release|x64.Build.0 = Release|x64
		{0AEA3989-BAAE-82ED-F67E-BCC3FC995AFE}.Release|x86.ActiveCfg = Release|Win32
		{0AEA3989-BAAE-82ED-F67E-BCC3FC995AFE}.Release|x86.Build.0 = Release|Win32
		{0AEA3989-BAAE-82ED-F67E-BCC3FC995AFE}.Release|x86.Deploy.0 = Release|Win32
		{534ADC74-F81F-4071-9865-8C6EE8012D8E}.Debug|ARM64.ActiveCfg = Debug|x64
		{534ADC74-F81F-4071-9865-8C6EE8012D8E}.Debug|ARM64.Build.0 = Debug|x64
		{534ADC74-F81F-4071-9865-8C6EE8012D8E}.Debug|Win32.ActiveCfg = Debug|Win32
		{534ADC74-F81F-4071-9865-8C6EE8012D8E}.Debug|Win32.Build.0 = Debug|Win32
		{534ADC74-F81F-4071-9865-8C6EE8012D8E}.Debug|x64.ActiveCfg = Debug|x64
		{534ADC74-F81F-4071-9865-8C6EE8012D8E}.Debug|x64.Build.0 = Debug|x64
		{534ADC74-F81F-4071-9865-8C6EE8012D8E}.Debug|x86.ActiveCfg = Debug|Win32
		{534ADC74-F81F-4071-9865-8C6EE8012D8E}.Debug|x86.Build.0 = Debug|Win32
		{534ADC74-F81F-4071-9865-8C6EE8012D8E}.Release|ARM64.ActiveCfg = Release|x64
		{534ADC74-F81F-4071-9865-8C6EE8012D8E}.Release|ARM64.Build.0 = Release|x64
		{534ADC74-F81F-4071-9865-8C6EE8012D8E}.Release|Win32.ActiveCfg = Release|Win32
		{534ADC74-F81F-4071-9865-8C6EE8012D8E}.Release|Win32.Build.0 = Release|Win32
		{534ADC74-F81F-4071-9865-8C6EE8012D8E}.Release|x64.ActiveCfg = Release|x64
		{534ADC74-F81F-4071-9865-8C6EE8012D8E}.Release|x64.Build.0 = Release|x64
		{534ADC74-F81F-4071-9865-8C6EE8012D8E}.Release|x86.ActiveCfg = Release|Win32
		{534ADC74-F81F-4071-9865-8C6EE8012D8E}.Release|x86.Build.0 = Release|Win32
		{15CB190E-09E9-4421-96D9-07B2803711F2}.Debug|ARM64.ActiveCfg = Debug|x64
		{15CB190E-09E9-4421-96D9-07B2803711F2}.Debug|ARM64.Build.0 = Debug|x64
		{15CB190E-09E9-4421-96D9-07B2803711F2}.Debug|Win32.ActiveCfg = Debug|Win32
		{15CB190E-09E9-4421-96D9-07B2803711F2}.Debug|Win32.Build.0 = Debug|Win32
		{15CB190E-09E9-4421-96D9-07B2803711F2}.Debug|x64.ActiveCfg = Debug|x64
		{15CB190E-09E9-4421-96D9-07B2803711F2}.Debug|x64.Build.0 = Debug|x64
		{15CB190E-09E9-4421-96D9-07B2803711F2}.Debug|x86.ActiveCfg = Debug|Win32
		{15CB190E-09E9-4421-96D9-07B2803711F2}.Debug|x86.Build.0 = Debug|Win32
		{15CB190E-09E9-4421-96D9-07B2803711F2}.Release|ARM64.ActiveCfg = Release|x64
		{15CB190E-09E9-4421-96D9-07B2803711F2}.Release|ARM64.Build.0 = Release|x64
		{15CB190E-09E9-4421-96D9-07B2803711F2}.Release|Win32.ActiveCfg = Release|Win32
		{15CB190E-09E9-4421-96D9-07B2803711F2}.Release|Win32.Build.0 = Release|Win32
		{15CB190E-09E9-4421-96D9-07B2803711F2}.Release|x64.ActiveCfg = Release|x64
		{15CB190E-09E9-4421-96D9-07B2803711F2}.Release|x64.Build.0 = Release|x64
		{15CB190E-09E9-4421-96D9-07B2803711F2}.Release|x86.ActiveCfg = Release|Win32
		{15CB190E-09E9-4421-96D9-07B2803711F2}.Release|x86.Build.0 = Release|Win32
		{1B4E2C1D-4DE5-46CD-A853-8B0C3C1FF25A}.Debug|ARM64.ActiveCfg = Debug|x64
		{1B4E2C1D-4DE5-46CD-A853-8B0C3C1FF25A}.Debug|ARM64.Build.0 = Debug|x64
		{1B4E2C1D-4DE5-46CD-A853-8B0C3C1FF25A}.Debug|Win32.ActiveCfg = Debug|Win32
		{1B4E2C1D-4DE5-46CD-A853-8B0C3C1FF25A}.Debug|Win32.Build.0 = Debug|Win32
		{1B4E2C1D-4DE5-46CD-A853-8B0C3C1FF25A}.Debug|x64.ActiveCfg = Debug|x64
		{1B4E2C1D-4DE5-46CD-A853-8B0C3C1FF25A}.Debug|x64.Build.0 = Debug|x64
		{1B4E2C1D-4DE5-46CD-A853-8B0C3C1FF25A}.Debug|x86.ActiveCfg = Debug|Win32
		{1B4E2C1D-4DE5-46CD-A853-8B0C3C1FF25A}.Debug|x86.Build.0 = Debug|Win32
		{1B4E2C1D-4DE5-46CD-A853-8B0C3C1FF25A}.Release|ARM64.ActiveCfg = Release|x64
		{1B4E2C1D-4DE5-46CD-A853-8B0C3C1FF25A}.Release|ARM64.Build.0 = Release|x64
		{1B4E2C1D-4DE5-46CD-A853-8B0C3C1FF25A}.Release|Win32.ActiveCfg = Release|Win32
		{1B4E2C1D-4DE5-46CD-A853-8B0C3C1FF25A}.Release|Win32.Build.0 = Release|Win32
		{1B4E2C1D-4DE5-46CD-A853-8B0C3C1FF25A}.Release|x64.ActiveCfg = Release|Win32
		{1B4E2C1D-4DE5-46CD-A853-8B0C3C1FF25A}.Release|x64.Build.0 = Release|Win32
		{1B4E2C1D-4DE5-46CD-A853-8B0C3C1FF25A}.Release|x86.ActiveCfg = Release|Win32
		{1B4E2C1D-4DE5-46CD-A853-8B0C3C1FF25A}.Release|x86.Build.0 = Release|Win32
	EndGlobalSection
	GlobalSection(SolutionProperties) = preSolution
		HideSolutionNode = FALSE
	EndGlobalSection
	GlobalSection(ExtensibilityGlobals) = postSolution
		SolutionGuid = {8E719539-FA7B-409D-9CEF-BD1B09160E96}
	EndGlobalSection
EndGlobal
